// !$*UTF8*$!
{
	archiveVersion = 1;
	classes = {
	};
	objectVersion = 77;
	objects = {

/* Begin PBXBuildFile section */
		03390AD22E3B34FE000B318A /* .gitattributes in Resources */ = {isa = PBXBuildFile; fileRef = 03390AD12E3B34FE000B318A /* .gitattributes */; };
		03390AD42E3B350E000B318A /* _config.yml in Resources */ = {isa = PBXBuildFile; fileRef = 03390AD32E3B350E000B318A /* _config.yml */; };
		03390AE42E3B35E9000B318A /* README_fr.md in Resources */ = {isa = PBXBuildFile; fileRef = 03390AE32E3B35E9000B318A /* README_fr.md */; };
		03390AE52E3B35E9000B318A /* README.md in Resources */ = {isa = PBXBuildFile; fileRef = 03390AE22E3B35E9000B318A /* README.md */; };
		03390AFD2E3B3D8B000B318A /* setupForNilLibrary.swift in Sources */ = {isa = PBXBuildFile; fileRef = 03390AF82E3B3D8B000B318A /* setupForNilLibrary.swift */; };
		03390AFE2E3B3D8B000B318A /* PegaseUIDataApp.swift in Sources */ = {isa = PBXBuildFile; fileRef = 03390AF72E3B3D8B000B318A /* PegaseUIDataApp.swift */; };
		03390AFF2E3B3D8B000B318A /* Content.swift in Sources */ = {isa = PBXBuildFile; fileRef = 03390AF42E3B3D8B000B318A /* Content.swift */; };
		03390B002E3B3D8B000B318A /* Sidebar1A.swift in Sources */ = {isa = PBXBuildFile; fileRef = 03390AF92E3B3D8B000B318A /* Sidebar1A.swift */; };
		03390B012E3B3D8B000B318A /* OutlineViewController.swift in Sources */ = {isa = PBXBuildFile; fileRef = 03390AF62E3B3D8B000B318A /* OutlineViewController.swift */; };
		03390B022E3B3D8B000B318A /* SplashScreen.swift in Sources */ = {isa = PBXBuildFile; fileRef = 03390AFA2E3B3D8B000B318A /* SplashScreen.swift */; };
		03390B032E3B3D8B000B318A /* Help.xcstrings in Resources */ = {isa = PBXBuildFile; fileRef = 03390AF12E3B3D8B000B318A /* Help.xcstrings */; };
		03390B042E3B3D8B000B318A /* Menu.xcstrings in Resources */ = {isa = PBXBuildFile; fileRef = 03390AF32E3B3D8B000B318A /* Menu.xcstrings */; };
		03390B052E3B3D8B000B318A /* Account.xcstrings in Resources */ = {isa = PBXBuildFile; fileRef = 03390AF22E3B3D8B000B318A /* Account.xcstrings */; };
		03390B062E3B3D8B000B318A /* Localizable.xcstrings in Resources */ = {isa = PBXBuildFile; fileRef = 03390AF02E3B3D8B000B318A /* Localizable.xcstrings */; };
		03390B072E3B3D8B000B318A /* Info.plist in Resources */ = {isa = PBXBuildFile; fileRef = 03390AF52E3B3D8B000B318A /* Info.plist */; };
		03390B082E3B3D8B000B318A /* LICENSE in Resources */ = {isa = PBXBuildFile; fileRef = 03390AFB2E3B3D8B000B318A /* LICENSE */; };
		03390B092E3B3D8B000B318A /* Assets.xcassets in Resources */ = {isa = PBXBuildFile; fileRef = 03390AFC2E3B3D8B000B318A /* Assets.xcassets */; };
		03390B0C2E3B5446000B318A /* DGCharts in Frameworks */ = {isa = PBXBuildFile; productRef = 03390B0B2E3B5446000B318A /* DGCharts */; };
		03390B0F2E3B5467000B318A /* SwiftDate in Frameworks */ = {isa = PBXBuildFile; productRef = 03390B0E2E3B5467000B318A /* SwiftDate */; };
/* End PBXBuildFile section */

/* Begin PBXFileReference section */
		03390AC02E3B3464000B318A /* Icare.app */ = {isa = PBXFileReference; explicitFileType = wrapper.application; includeInIndex = 0; path = Icare.app; sourceTree = BUILT_PRODUCTS_DIR; };
		03390AD12E3B34FE000B318A /* .gitattributes */ = {isa = PBXFileReference; lastKnownFileType = text; path = .gitattributes; sourceTree = "<group>"; };
		03390AD32E3B350E000B318A /* _config.yml */ = {isa = PBXFileReference; lastKnownFileType = text.yaml; path = _config.yml; sourceTree = "<group>"; };
		03390AD62E3B3550000B318A /* contribute.md */ = {isa = PBXFileReference; lastKnownFileType = net.daringfireball.markdown; path = contribute.md; sourceTree = "<group>"; };
		03390AD72E3B3550000B318A /* contribute-fr.md */ = {isa = PBXFileReference; lastKnownFileType = net.daringfireball.markdown; path = "contribute-fr.md"; sourceTree = "<group>"; };
		03390AD82E3B3550000B318A /* faq.md */ = {isa = PBXFileReference; lastKnownFileType = net.daringfireball.markdown; path = faq.md; sourceTree = "<group>"; };
		03390AD92E3B3550000B318A /* faq-fr.md */ = {isa = PBXFileReference; lastKnownFileType = net.daringfireball.markdown; path = "faq-fr.md"; sourceTree = "<group>"; };
		03390ADA2E3B3550000B318A /* index.md */ = {isa = PBXFileReference; lastKnownFileType = net.daringfireball.markdown; path = index.md; sourceTree = "<group>"; };
		03390ADB2E3B3550000B318A /* installation.md */ = {isa = PBXFileReference; lastKnownFileType = net.daringfireball.markdown; path = installation.md; sourceTree = "<group>"; };
		03390ADC2E3B3550000B318A /* installation-fr.md */ = {isa = PBXFileReference; lastKnownFileType = net.daringfireball.markdown; path = "installation-fr.md"; sourceTree = "<group>"; };
		03390ADD2E3B3550000B318A /* overview.md */ = {isa = PBXFileReference; lastKnownFileType = net.daringfireball.markdown; path = overview.md; sourceTree = "<group>"; };
		03390ADE2E3B3550000B318A /* overview-fr.md */ = {isa = PBXFileReference; lastKnownFileType = net.daringfireball.markdown; path = "overview-fr.md"; sourceTree = "<group>"; };
		03390ADF2E3B3550000B318A /* usage.md */ = {isa = PBXFileReference; lastKnownFileType = net.daringfireball.markdown; path = usage.md; sourceTree = "<group>"; };
		03390AE02E3B3550000B318A /* usage-fr.md */ = {isa = PBXFileReference; lastKnownFileType = net.daringfireball.markdown; path = "usage-fr.md"; sourceTree = "<group>"; };
		03390AE22E3B35E9000B318A /* README.md */ = {isa = PBXFileReference; lastKnownFileType = net.daringfireball.markdown; path = README.md; sourceTree = "<group>"; };
		03390AE32E3B35E9000B318A /* README_fr.md */ = {isa = PBXFileReference; lastKnownFileType = net.daringfireball.markdown; path = README_fr.md; sourceTree = "<group>"; };
		03390AF02E3B3D8B000B318A /* Localizable.xcstrings */ = {isa = PBXFileReference; lastKnownFileType = text.json.xcstrings; path = Localizable.xcstrings; sourceTree = "<group>"; };
		03390AF12E3B3D8B000B318A /* Help.xcstrings */ = {isa = PBXFileReference; lastKnownFileType = text.json.xcstrings; path = Help.xcstrings; sourceTree = "<group>"; };
		03390AF22E3B3D8B000B318A /* Account.xcstrings */ = {isa = PBXFileReference; lastKnownFileType = text.json.xcstrings; path = Account.xcstrings; sourceTree = "<group>"; };
		03390AF32E3B3D8B000B318A /* Menu.xcstrings */ = {isa = PBXFileReference; lastKnownFileType = text.json.xcstrings; path = Menu.xcstrings; sourceTree = "<group>"; };
		03390AF42E3B3D8B000B318A /* Content.swift */ = {isa = PBXFileReference; lastKnownFileType = sourcecode.swift; path = Content.swift; sourceTree = "<group>"; };
		03390AF52E3B3D8B000B318A /* Info.plist */ = {isa = PBXFileReference; lastKnownFileType = text.plist.xml; path = Info.plist; sourceTree = "<group>"; };
		03390AF62E3B3D8B000B318A /* OutlineViewController.swift */ = {isa = PBXFileReference; lastKnownFileType = sourcecode.swift; path = OutlineViewController.swift; sourceTree = "<group>"; };
		03390AF72E3B3D8B000B318A /* PegaseUIDataApp.swift */ = {isa = PBXFileReference; lastKnownFileType = sourcecode.swift; path = PegaseUIDataApp.swift; sourceTree = "<group>"; };
		03390AF82E3B3D8B000B318A /* setupForNilLibrary.swift */ = {isa = PBXFileReference; lastKnownFileType = sourcecode.swift; path = setupForNilLibrary.swift; sourceTree = "<group>"; };
		03390AF92E3B3D8B000B318A /* Sidebar1A.swift */ = {isa = PBXFileReference; lastKnownFileType = sourcecode.swift; path = Sidebar1A.swift; sourceTree = "<group>"; };
		03390AFA2E3B3D8B000B318A /* SplashScreen.swift */ = {isa = PBXFileReference; lastKnownFileType = sourcecode.swift; path = SplashScreen.swift; sourceTree = "<group>"; };
		03390AFB2E3B3D8B000B318A /* LICENSE */ = {isa = PBXFileReference; lastKnownFileType = text; path = LICENSE; sourceTree = "<group>"; };
		03390AFC2E3B3D8B000B318A /* Assets.xcassets */ = {isa = PBXFileReference; lastKnownFileType = folder.assetcatalog; path = Assets.xcassets; sourceTree = "<group>"; };
/* End PBXFileReference section */

/* Begin PBXFileSystemSynchronizedBuildFileExceptionSet section */
		03390AEF2E3B3648000B318A /* Exceptions for "Doc" folder in "Icare" target */ = {
			isa = PBXFileSystemSynchronizedBuildFileExceptionSet;
			membershipExceptions = (
				Capture1.png,
				Capture1En.png,
				Capture2En.png,
				Capture3.png,
				Capture4.png,
				Capture5.png,
				Capture6.png,
				Capture7.png,
			);
			target = 03390ABF2E3B3464000B318A /* Icare */;
		};
/* End PBXFileSystemSynchronizedBuildFileExceptionSet section */

/* Begin PBXFileSystemSynchronizedRootGroup section */
		03390AC22E3B3464000B318A /* Icare */ = {
			isa = PBXFileSystemSynchronizedRootGroup;
			path = Icare;
			sourceTree = "<group>";
		};
		03390AE62E3B3620000B318A /* Doc */ = {
			isa = PBXFileSystemSynchronizedRootGroup;
			exceptions = (
				03390AEF2E3B3648000B318A /* Exceptions for "Doc" folder in "Icare" target */,
			);
			path = Doc;
			sourceTree = "<group>";
		};
/* End PBXFileSystemSynchronizedRootGroup section */

/* Begin PBXFrameworksBuildPhase section */
		03390ABD2E3B3464000B318A /* Frameworks */ = {
			isa = PBXFrameworksBuildPhase;
			buildActionMask = 2147483647;
			files = (
				03390B0F2E3B5467000B318A /* SwiftDate in Frameworks */,
				03390B0C2E3B5446000B318A /* DGCharts in Frameworks */,
			);
			runOnlyForDeploymentPostprocessing = 0;
		};
/* End PBXFrameworksBuildPhase section */

/* Begin PBXGroup section */
		03390AB72E3B3464000B318A = {
			isa = PBXGroup;
			children = (
				03390AE62E3B3620000B318A /* Doc */,
				03390AE22E3B35E9000B318A /* README.md */,
				03390AE32E3B35E9000B318A /* README_fr.md */,
				03390AD52E3B3523000B318A /* Docs */,
				03390AD32E3B350E000B318A /* _config.yml */,
				03390AD12E3B34FE000B318A /* .gitattributes */,
				03390AC22E3B3464000B318A /* Icare */,
				03390AF02E3B3D8B000B318A /* Localizable.xcstrings */,
				03390AF12E3B3D8B000B318A /* Help.xcstrings */,
				03390AF22E3B3D8B000B318A /* Account.xcstrings */,
				03390AF32E3B3D8B000B318A /* Menu.xcstrings */,
				03390AF42E3B3D8B000B318A /* Content.swift */,
				03390AF52E3B3D8B000B318A /* Info.plist */,
				03390AF62E3B3D8B000B318A /* OutlineViewController.swift */,
				03390AF72E3B3D8B000B318A /* PegaseUIDataApp.swift */,
				03390AF82E3B3D8B000B318A /* setupForNilLibrary.swift */,
				03390AF92E3B3D8B000B318A /* Sidebar1A.swift */,
				03390AFA2E3B3D8B000B318A /* SplashScreen.swift */,
				03390AFB2E3B3D8B000B318A /* LICENSE */,
				03390AFC2E3B3D8B000B318A /* Assets.xcassets */,
				03390AC12E3B3464000B318A /* Products */,
			);
			sourceTree = "<group>";
		};
		03390AC12E3B3464000B318A /* Products */ = {
			isa = PBXGroup;
			children = (
				03390AC02E3B3464000B318A /* Icare.app */,
			);
			name = Products;
			sourceTree = "<group>";
		};
		03390AD52E3B3523000B318A /* Docs */ = {
			isa = PBXGroup;
			children = (
				03390AD62E3B3550000B318A /* contribute.md */,
				03390AD72E3B3550000B318A /* contribute-fr.md */,
				03390AD82E3B3550000B318A /* faq.md */,
				03390AD92E3B3550000B318A /* faq-fr.md */,
				03390ADA2E3B3550000B318A /* index.md */,
				03390ADB2E3B3550000B318A /* installation.md */,
				03390ADC2E3B3550000B318A /* installation-fr.md */,
				03390ADD2E3B3550000B318A /* overview.md */,
				03390ADE2E3B3550000B318A /* overview-fr.md */,
				03390ADF2E3B3550000B318A /* usage.md */,
				03390AE02E3B3550000B318A /* usage-fr.md */,
			);
			path = Docs;
			sourceTree = "<group>";
		};
/* End PBXGroup section */

/* Begin PBXNativeTarget section */
		03390ABF2E3B3464000B318A /* Icare */ = {
			isa = PBXNativeTarget;
			buildConfigurationList = 03390ACE2E3B3465000B318A /* Build configuration list for PBXNativeTarget "Icare" */;
			buildPhases = (
				03390ABC2E3B3464000B318A /* Sources */,
				03390ABD2E3B3464000B318A /* Frameworks */,
				03390ABE2E3B3464000B318A /* Resources */,
			);
			buildRules = (
			);
			dependencies = (
			);
			fileSystemSynchronizedGroups = (
				03390AC22E3B3464000B318A /* Icare */,
				03390AE62E3B3620000B318A /* Doc */,
			);
			name = Icare;
			packageProductDependencies = (
				03390B0B2E3B5446000B318A /* DGCharts */,
				03390B0E2E3B5467000B318A /* SwiftDate */,
			);
			productName = Icare;
			productReference = 03390AC02E3B3464000B318A /* Icare.app */;
			productType = "com.apple.product-type.application";
		};
/* End PBXNativeTarget section */

/* Begin PBXProject section */
		03390AB82E3B3464000B318A /* Project object */ = {
			isa = PBXProject;
			attributes = {
				BuildIndependentTargetsInParallel = 1;
				LastSwiftUpdateCheck = 1640;
				LastUpgradeCheck = 1640;
				TargetAttributes = {
					03390ABF2E3B3464000B318A = {
						CreatedOnToolsVersion = 16.4;
					};
				};
			};
			buildConfigurationList = 03390ABB2E3B3464000B318A /* Build configuration list for PBXProject "Icare" */;
			developmentRegion = en;
			hasScannedForEncodings = 0;
			knownRegions = (
				en,
				Base,
			);
			mainGroup = 03390AB72E3B3464000B318A;
			minimizedProjectReferenceProxies = 1;
			packageReferences = (
				03390B0A2E3B5446000B318A /* XCRemoteSwiftPackageReference "Charts" */,
				03390B0D2E3B5467000B318A /* XCRemoteSwiftPackageReference "SwiftDate" */,
			);
			preferredProjectObjectVersion = 77;
			productRefGroup = 03390AC12E3B3464000B318A /* Products */;
			projectDirPath = "";
			projectRoot = "";
			targets = (
				03390ABF2E3B3464000B318A /* Icare */,
			);
		};
/* End PBXProject section */

/* Begin PBXResourcesBuildPhase section */
		03390ABE2E3B3464000B318A /* Resources */ = {
			isa = PBXResourcesBuildPhase;
			buildActionMask = 2147483647;
			files = (
				03390B032E3B3D8B000B318A /* Help.xcstrings in Resources */,
				03390B042E3B3D8B000B318A /* Menu.xcstrings in Resources */,
				03390B052E3B3D8B000B318A /* Account.xcstrings in Resources */,
				03390B062E3B3D8B000B318A /* Localizable.xcstrings in Resources */,
				03390B072E3B3D8B000B318A /* Info.plist in Resources */,
				03390B082E3B3D8B000B318A /* LICENSE in Resources */,
				03390B092E3B3D8B000B318A /* Assets.xcassets in Resources */,
				03390AD42E3B350E000B318A /* _config.yml in Resources */,
				03390AE42E3B35E9000B318A /* README_fr.md in Resources */,
				03390AE52E3B35E9000B318A /* README.md in Resources */,
				03390AD22E3B34FE000B318A /* .gitattributes in Resources */,
			);
			runOnlyForDeploymentPostprocessing = 0;
		};
/* End PBXResourcesBuildPhase section */

/* Begin PBXSourcesBuildPhase section */
		03390ABC2E3B3464000B318A /* Sources */ = {
			isa = PBXSourcesBuildPhase;
			buildActionMask = 2147483647;
			files = (
				03390AFD2E3B3D8B000B318A /* setupForNilLibrary.swift in Sources */,
				03390AFE2E3B3D8B000B318A /* PegaseUIDataApp.swift in Sources */,
				03390AFF2E3B3D8B000B318A /* Content.swift in Sources */,
				03390B002E3B3D8B000B318A /* Sidebar1A.swift in Sources */,
				03390B012E3B3D8B000B318A /* OutlineViewController.swift in Sources */,
				03390B022E3B3D8B000B318A /* SplashScreen.swift in Sources */,
			);
			runOnlyForDeploymentPostprocessing = 0;
		};
/* End PBXSourcesBuildPhase section */

/* Begin XCBuildConfiguration section */
		03390ACC2E3B3465000B318A /* Debug */ = {
			isa = XCBuildConfiguration;
			buildSettings = {
				ALWAYS_SEARCH_USER_PATHS = NO;
				ASSETCATALOG_COMPILER_GENERATE_SWIFT_ASSET_SYMBOL_EXTENSIONS = YES;
				CLANG_ANALYZER_NONNULL = YES;
				CLANG_ANALYZER_NUMBER_OBJECT_CONVERSION = YES_AGGRESSIVE;
				CLANG_CXX_LANGUAGE_STANDARD = "gnu++20";
				CLANG_ENABLE_MODULES = YES;
				CLANG_ENABLE_OBJC_ARC = YES;
				CLANG_ENABLE_OBJC_WEAK = YES;
				CLANG_WARN_BLOCK_CAPTURE_AUTORELEASING = YES;
				CLANG_WARN_BOOL_CONVERSION = YES;
				CLANG_WARN_COMMA = YES;
				CLANG_WARN_CONSTANT_CONVERSION = YES;
				CLANG_WARN_DEPRECATED_OBJC_IMPLEMENTATIONS = YES;
				CLANG_WARN_DIRECT_OBJC_ISA_USAGE = YES_ERROR;
				CLANG_WARN_DOCUMENTATION_COMMENTS = YES;
				CLANG_WARN_EMPTY_BODY = YES;
				CLANG_WARN_ENUM_CONVERSION = YES;
				CLANG_WARN_INFINITE_RECURSION = YES;
				CLANG_WARN_INT_CONVERSION = YES;
				CLANG_WARN_NON_LITERAL_NULL_CONVERSION = YES;
				CLANG_WARN_OBJC_IMPLICIT_RETAIN_SELF = YES;
				CLANG_WARN_OBJC_LITERAL_CONVERSION = YES;
				CLANG_WARN_OBJC_ROOT_CLASS = YES_ERROR;
				CLANG_WARN_QUOTED_INCLUDE_IN_FRAMEWORK_HEADER = YES;
				CLANG_WARN_RANGE_LOOP_ANALYSIS = YES;
				CLANG_WARN_STRICT_PROTOTYPES = YES;
				CLANG_WARN_SUSPICIOUS_MOVE = YES;
				CLANG_WARN_UNGUARDED_AVAILABILITY = YES_AGGRESSIVE;
				CLANG_WARN_UNREACHABLE_CODE = YES;
				CLANG_WARN__DUPLICATE_METHOD_MATCH = YES;
				COPY_PHASE_STRIP = NO;
				DEBUG_INFORMATION_FORMAT = dwarf;
				DEVELOPMENT_TEAM = 84WLNJ2YG4;
				ENABLE_STRICT_OBJC_MSGSEND = YES;
				ENABLE_TESTABILITY = YES;
				ENABLE_USER_SCRIPT_SANDBOXING = YES;
				GCC_C_LANGUAGE_STANDARD = gnu17;
				GCC_DYNAMIC_NO_PIC = NO;
				GCC_NO_COMMON_BLOCKS = YES;
				GCC_OPTIMIZATION_LEVEL = 0;
				GCC_PREPROCESSOR_DEFINITIONS = (
					"DEBUG=1",
					"$(inherited)",
				);
				GCC_WARN_64_TO_32_BIT_CONVERSION = YES;
				GCC_WARN_ABOUT_RETURN_TYPE = YES_ERROR;
				GCC_WARN_UNDECLARED_SELECTOR = YES;
				GCC_WARN_UNINITIALIZED_AUTOS = YES_AGGRESSIVE;
				GCC_WARN_UNUSED_FUNCTION = YES;
				GCC_WARN_UNUSED_VARIABLE = YES;
				LOCALIZATION_PREFERS_STRING_CATALOGS = YES;
				MACOSX_DEPLOYMENT_TARGET = 15.5;
				MTL_ENABLE_DEBUG_INFO = INCLUDE_SOURCE;
				MTL_FAST_MATH = YES;
				ONLY_ACTIVE_ARCH = YES;
				SDKROOT = macosx;
				SWIFT_ACTIVE_COMPILATION_CONDITIONS = "DEBUG $(inherited)";
				SWIFT_OPTIMIZATION_LEVEL = "-Onone";
			};
			name = Debug;
		};
		03390ACD2E3B3465000B318A /* Release */ = {
			isa = XCBuildConfiguration;
			buildSettings = {
				ALWAYS_SEARCH_USER_PATHS = NO;
				ASSETCATALOG_COMPILER_GENERATE_SWIFT_ASSET_SYMBOL_EXTENSIONS = YES;
				CLANG_ANALYZER_NONNULL = YES;
				CLANG_ANALYZER_NUMBER_OBJECT_CONVERSION = YES_AGGRESSIVE;
				CLANG_CXX_LANGUAGE_STANDARD = "gnu++20";
				CLANG_ENABLE_MODULES = YES;
				CLANG_ENABLE_OBJC_ARC = YES;
				CLANG_ENABLE_OBJC_WEAK = YES;
				CLANG_WARN_BLOCK_CAPTURE_AUTORELEASING = YES;
				CLANG_WARN_BOOL_CONVERSION = YES;
				CLANG_WARN_COMMA = YES;
				CLANG_WARN_CONSTANT_CONVERSION = YES;
				CLANG_WARN_DEPRECATED_OBJC_IMPLEMENTATIONS = YES;
				CLANG_WARN_DIRECT_OBJC_ISA_USAGE = YES_ERROR;
				CLANG_WARN_DOCUMENTATION_COMMENTS = YES;
				CLANG_WARN_EMPTY_BODY = YES;
				CLANG_WARN_ENUM_CONVERSION = YES;
				CLANG_WARN_INFINITE_RECURSION = YES;
				CLANG_WARN_INT_CONVERSION = YES;
				CLANG_WARN_NON_LITERAL_NULL_CONVERSION = YES;
				CLANG_WARN_OBJC_IMPLICIT_RETAIN_SELF = YES;
				CLANG_WARN_OBJC_LITERAL_CONVERSION = YES;
				CLANG_WARN_OBJC_ROOT_CLASS = YES_ERROR;
				CLANG_WARN_QUOTED_INCLUDE_IN_FRAMEWORK_HEADER = YES;
				CLANG_WARN_RANGE_LOOP_ANALYSIS = YES;
				CLANG_WARN_STRICT_PROTOTYPES = YES;
				CLANG_WARN_SUSPICIOUS_MOVE = YES;
				CLANG_WARN_UNGUARDED_AVAILABILITY = YES_AGGRESSIVE;
				CLANG_WARN_UNREACHABLE_CODE = YES;
				CLANG_WARN__DUPLICATE_METHOD_MATCH = YES;
				COPY_PHASE_STRIP = NO;
				DEBUG_INFORMATION_FORMAT = "dwarf-with-dsym";
				DEVELOPMENT_TEAM = 84WLNJ2YG4;
				ENABLE_NS_ASSERTIONS = NO;
				ENABLE_STRICT_OBJC_MSGSEND = YES;
				ENABLE_USER_SCRIPT_SANDBOXING = YES;
				GCC_C_LANGUAGE_STANDARD = gnu17;
				GCC_NO_COMMON_BLOCKS = YES;
				GCC_WARN_64_TO_32_BIT_CONVERSION = YES;
				GCC_WARN_ABOUT_RETURN_TYPE = YES_ERROR;
				GCC_WARN_UNDECLARED_SELECTOR = YES;
				GCC_WARN_UNINITIALIZED_AUTOS = YES_AGGRESSIVE;
				GCC_WARN_UNUSED_FUNCTION = YES;
				GCC_WARN_UNUSED_VARIABLE = YES;
				LOCALIZATION_PREFERS_STRING_CATALOGS = YES;
				MACOSX_DEPLOYMENT_TARGET = 15.5;
				MTL_ENABLE_DEBUG_INFO = NO;
				MTL_FAST_MATH = YES;
				SDKROOT = macosx;
				SWIFT_COMPILATION_MODE = wholemodule;
			};
			name = Release;
		};
		03390ACF2E3B3465000B318A /* Debug */ = {
			isa = XCBuildConfiguration;
			buildSettings = {
				ASSETCATALOG_COMPILER_APPICON_NAME = AppIcon;
				ASSETCATALOG_COMPILER_GLOBAL_ACCENT_COLOR_NAME = AccentColor;
				CODE_SIGN_ENTITLEMENTS = Icare/Icare.entitlements;
				CODE_SIGN_STYLE = Automatic;
				COMBINE_HIDPI_IMAGES = YES;
				CURRENT_PROJECT_VERSION = 1;
				DEVELOPMENT_TEAM = 84WLNJ2YG4;
				ENABLE_HARDENED_RUNTIME = YES;
				ENABLE_PREVIEWS = YES;
				GENERATE_INFOPLIST_FILE = YES;
				INFOPLIST_KEY_NSHumanReadableCopyright = "";
				LD_RUNPATH_SEARCH_PATHS = (
					"$(inherited)",
					"@executable_path/../Frameworks",
				);
				MACOSX_DEPLOYMENT_TARGET = 14.0;
				MARKETING_VERSION = 1.0;
				PRODUCT_BUNDLE_IDENTIFIER = thi.Icare;
				PRODUCT_NAME = "$(TARGET_NAME)";
				REGISTER_APP_GROUPS = YES;
				SWIFT_EMIT_LOC_STRINGS = YES;
				SWIFT_VERSION = 5.0;
			};
			name = Debug;
		};
		03390AD02E3B3465000B318A /* Release */ = {
			isa = XCBuildConfiguration;
			buildSettings = {
				ASSETCATALOG_COMPILER_APPICON_NAME = AppIcon;
				ASSETCATALOG_COMPILER_GLOBAL_ACCENT_COLOR_NAME = AccentColor;
				CODE_SIGN_ENTITLEMENTS = Icare/Icare.entitlements;
				CODE_SIGN_STYLE = Automatic;
				COMBINE_HIDPI_IMAGES = YES;
				CURRENT_PROJECT_VERSION = 1;
				DEVELOPMENT_TEAM = 84WLNJ2YG4;
				ENABLE_HARDENED_RUNTIME = YES;
				ENABLE_PREVIEWS = YES;
				GENERATE_INFOPLIST_FILE = YES;
				INFOPLIST_KEY_NSHumanReadableCopyright = "";
				LD_RUNPATH_SEARCH_PATHS = (
					"$(inherited)",
					"@executable_path/../Frameworks",
				);
				MACOSX_DEPLOYMENT_TARGET = 14.0;
				MARKETING_VERSION = 1.0;
				PRODUCT_BUNDLE_IDENTIFIER = thi.Icare;
				PRODUCT_NAME = "$(TARGET_NAME)";
				REGISTER_APP_GROUPS = YES;
				SWIFT_EMIT_LOC_STRINGS = YES;
				SWIFT_VERSION = 5.0;
			};
			name = Release;
		};
/* End XCBuildConfiguration section */

/* Begin XCConfigurationList section */
		03390ABB2E3B3464000B318A /* Build configuration list for PBXProject "Icare" */ = {
			isa = XCConfigurationList;
			buildConfigurations = (
				03390ACC2E3B3465000B318A /* Debug */,
				03390ACD2E3B3465000B318A /* Release */,
			);
			defaultConfigurationIsVisible = 0;
			defaultConfigurationName = Release;
		};
		03390ACE2E3B3465000B318A /* Build configuration list for PBXNativeTarget "Icare" */ = {
			isa = XCConfigurationList;
			buildConfigurations = (
				03390ACF2E3B3465000B318A /* Debug */,
				03390AD02E3B3465000B318A /* Release */,
			);
			defaultConfigurationIsVisible = 0;
			defaultConfigurationName = Release;
		};
/* End XCConfigurationList section */

/* Begin XCRemoteSwiftPackageReference section */
		03390B0A2E3B5446000B318A /* XCRemoteSwiftPackageReference "Charts" */ = {
			isa = XCRemoteSwiftPackageReference;
			repositoryURL = "https://github.com/ChartsOrg/Charts";
			requirement = {
				kind = upToNextMajorVersion;
				minimumVersion = 5.1.0;
			};
		};
		03390B0D2E3B5467000B318A /* XCRemoteSwiftPackageReference "SwiftDate" */ = {
			isa = XCRemoteSwiftPackageReference;
			repositoryURL = "https://github.com/malcommac/SwiftDate";
			requirement = {
				kind = upToNextMajorVersion;
				minimumVersion = 7.0.0;
			};
		};
/* End XCRemoteSwiftPackageReference section */

/* Begin XCSwiftPackageProductDependency section */
		03390B0B2E3B5446000B318A /* DGCharts */ = {
			isa = XCSwiftPackageProductDependency;
			package = 03390B0A2E3B5446000B318A /* XCRemoteSwiftPackageReference "Charts" */;
			productName = DGCharts;
		};
		03390B0E2E3B5467000B318A /* SwiftDate */ = {
			isa = XCSwiftPackageProductDependency;
			package = 03390B0D2E3B5467000B318A /* XCRemoteSwiftPackageReference "SwiftDate" */;
			productName = SwiftDate;
		};
/* End XCSwiftPackageProductDependency section */
	};
	rootObject = 03390AB82E3B3464000B318A /* Project object */;
}
